
Microsoft Visual Studio Solution File, Format Version 12.00
Project("{FAE04EC0-301F-11D3-BF4B-00C04F79EFBC}") = "BookManager2", "BookManager2\BookManager2.csproj", "{EBBA982A-B4CB-478C-9F52-99C540A2D983}"
EndProject
Global
	GlobalSection(SolutionConfigurationPlatforms) = preSolution
		Debug|Any CPU = Debug|Any CPU
		Release|Any CPU = Release|Any CPU
	EndGlobalSection
	GlobalSection(ProjectConfigurationPlatforms) = postSolution
		{EBBA982A-B4CB-478C-9F52-99C540A2D983}.Debug|Any CPU.ActiveCfg = Debug|Any CPU
		{EBBA982A-B4CB-478C-9F52-99C540A2D983}.Debug|Any CPU.Build.0 = Debug|Any CPU
		{EBBA982A-B4CB-478C-9F52-99C540A2D983}.Release|Any CPU.ActiveCfg = Release|Any CPU
		{EBBA982A-B4CB-478C-9F52-99C540A2D983}.Release|Any CPU.Build.0 = Release|Any CPU
	EndGlobalSection
EndGlobal
